
Microsoft Visual Studio Solution File, Format Version 12.00
# Visual Studio Version 17
VisualStudioVersion = 17.7.34031.279
MinimumVisualStudioVersion = 10.0.40219.1
Project("{FAE04EC0-301F-11D3-BF4B-00C04F79EFBC}") = "shop_on_asp", "shop_on_asp\shop_on_asp.csproj", "{3C482E89-D6E5-44E5-BC6A-BEB356059685}"
EndProject
Global
	GlobalSection(SolutionConfigurationPlatforms) = preSolution
		Debug|Any CPU = Debug|Any CPU
		Release|Any CPU = Release|Any CPU
	EndGlobalSection
	GlobalSection(ProjectConfigurationPlatforms) = postSolution
		{3C482E89-D6E5-44E5-BC6A-BEB356059685}.Debug|Any CPU.ActiveCfg = Debug|Any CPU
		{3C482E89-D6E5-44E5-BC6A-BEB356059685}.Debug|Any CPU.Build.0 = Debug|Any CPU
		{3C482E89-D6E5-44E5-BC6A-BEB356059685}.Release|Any CPU.ActiveCfg = Release|Any CPU
		{3C482E89-D6E5-44E5-BC6A-BEB356059685}.Release|Any CPU.Build.0 = Release|Any CPU
	EndGlobalSection
	GlobalSection(SolutionProperties) = preSolution
		HideSolutionNode = FALSE
	EndGlobalSection
	GlobalSection(ExtensibilityGlobals) = postSolution
		SolutionGuid = {BE15012D-3EFF-4DD2-92E7-11901F5A2DD3}
	EndGlobalSection
EndGlobal
